// !$*UTF8*$!
{
	archiveVersion = 1;
	classes = {
	};
	objectVersion = 46;
	objects = {

/* Begin PBXBuildFile section */
		D6208D041A70BCF9006BAC53 /* opencv_util.cpp in Sources */ = {isa = PBXBuildFile; fileRef = D6208D031A70BCF9006BAC53 /* opencv_util.cpp */; };
		D64A7F411A67EDB4008E7AB2 /* libopencv_photo.2.4.9.dylib in Frameworks */ = {isa = PBXBuildFile; fileRef = D64A7F401A67EDB4008E7AB2 /* libopencv_photo.2.4.9.dylib */; };
		D6DB9ECC1A6642CA00591E72 /* main.cpp in Sources */ = {isa = PBXBuildFile; fileRef = D6DB9ECB1A6642CA00591E72 /* main.cpp */; };
		D6DB9ED31A6643CB00591E72 /* libopencv_highgui.2.4.9.dylib in Frameworks */ = {isa = PBXBuildFile; fileRef = D6DB9ED21A6643CB00591E72 /* libopencv_highgui.2.4.9.dylib */; };
		D6DB9ED51A6647D000591E72 /* libopencv_core.2.4.9.dylib in Frameworks */ = {isa = PBXBuildFile; fileRef = D6DB9ED41A6647D000591E72 /* libopencv_core.2.4.9.dylib */; };
		D6DB9ED71A664FE100591E72 /* libopencv_imgproc.2.4.9.dylib in Frameworks */ = {isa = PBXBuildFile; fileRef = D6DB9ED61A664FE100591E72 /* libopencv_imgproc.2.4.9.dylib */; };
/* End PBXBuildFile section */

/* Begin PBXCopyFilesBuildPhase section */
		D6DB9EC61A6642CA00591E72 /* CopyFiles */ = {
			isa = PBXCopyFilesBuildPhase;
			buildActionMask = 2147483647;
			dstPath = /usr/share/man/man1/;
			dstSubfolderSpec = 0;
			files = (
			);
			runOnlyForDeploymentPostprocessing = 1;
		};
/* End PBXCopyFilesBuildPhase section */

/* Begin PBXFileReference section */
		D6208D021A70BC5D006BAC53 /* opencv_util.h */ = {isa = PBXFileReference; lastKnownFileType = sourcecode.c.h; path = opencv_util.h; sourceTree = "<group>"; };
		D6208D031A70BCF9006BAC53 /* opencv_util.cpp */ = {isa = PBXFileReference; fileEncoding = 4; lastKnownFileType = sourcecode.cpp.cpp; path = opencv_util.cpp; sourceTree = "<group>"; };
		D64A7F401A67EDB4008E7AB2 /* libopencv_photo.2.4.9.dylib */ = {isa = PBXFileReference; lastKnownFileType = "compiled.mach-o.dylib"; name = libopencv_photo.2.4.9.dylib; path = ../../../../../usr/local/Cellar/opencv/2.4.9/lib/libopencv_photo.2.4.9.dylib; sourceTree = "<group>"; };
		D6DB9EC81A6642CA00591E72 /* OpencvTest */ = {isa = PBXFileReference; explicitFileType = "compiled.mach-o.executable"; includeInIndex = 0; path = OpencvTest; sourceTree = BUILT_PRODUCTS_DIR; };
		D6DB9ECB1A6642CA00591E72 /* main.cpp */ = {isa = PBXFileReference; lastKnownFileType = sourcecode.cpp.cpp; path = main.cpp; sourceTree = "<group>"; };
		D6DB9ED21A6643CB00591E72 /* libopencv_highgui.2.4.9.dylib */ = {isa = PBXFileReference; lastKnownFileType = "compiled.mach-o.dylib"; name = libopencv_highgui.2.4.9.dylib; path = ../../../../../usr/local/Cellar/opencv/2.4.9/lib/libopencv_highgui.2.4.9.dylib; sourceTree = "<group>"; };
		D6DB9ED41A6647D000591E72 /* libopencv_core.2.4.9.dylib */ = {isa = PBXFileReference; lastKnownFileType = "compiled.mach-o.dylib"; name = libopencv_core.2.4.9.dylib; path = ../../../../../usr/local/Cellar/opencv/2.4.9/lib/libopencv_core.2.4.9.dylib; sourceTree = "<group>"; };
		D6DB9ED61A664FE100591E72 /* libopencv_imgproc.2.4.9.dylib */ = {isa = PBXFileReference; lastKnownFileType = "compiled.mach-o.dylib"; name = libopencv_imgproc.2.4.9.dylib; path = ../../../../../usr/local/Cellar/opencv/2.4.9/lib/libopencv_imgproc.2.4.9.dylib; sourceTree = "<group>"; };
/* End PBXFileReference section */

/* Begin PBXFrameworksBuildPhase section */
		D6DB9EC51A6642CA00591E72 /* Frameworks */ = {
			isa = PBXFrameworksBuildPhase;
			buildActionMask = 2147483647;
			files = (
				D6DB9ED31A6643CB00591E72 /* libopencv_highgui.2.4.9.dylib in Frameworks */,
				D6DB9ED51A6647D000591E72 /* libopencv_core.2.4.9.dylib in Frameworks */,
				D64A7F411A67EDB4008E7AB2 /* libopencv_photo.2.4.9.dylib in Frameworks */,
				D6DB9ED71A664FE100591E72 /* libopencv_imgproc.2.4.9.dylib in Frameworks */,
			);
			runOnlyForDeploymentPostprocessing = 0;
		};
/* End PBXFrameworksBuildPhase section */

/* Begin PBXGroup section */
		D6DB9EBF1A6642CA00591E72 = {
			isa = PBXGroup;
			children = (
				D64A7F401A67EDB4008E7AB2 /* libopencv_photo.2.4.9.dylib */,
				D6DB9ED61A664FE100591E72 /* libopencv_imgproc.2.4.9.dylib */,
				D6DB9ED41A6647D000591E72 /* libopencv_core.2.4.9.dylib */,
				D6DB9ED21A6643CB00591E72 /* libopencv_highgui.2.4.9.dylib */,
				D6DB9ECA1A6642CA00591E72 /* OpencvTest */,
				D6DB9EC91A6642CA00591E72 /* Products */,
			);
			sourceTree = "<group>";
		};
		D6DB9EC91A6642CA00591E72 /* Products */ = {
			isa = PBXGroup;
			children = (
				D6DB9EC81A6642CA00591E72 /* OpencvTest */,
			);
			name = Products;
			sourceTree = "<group>";
		};
		D6DB9ECA1A6642CA00591E72 /* OpencvTest */ = {
			isa = PBXGroup;
			children = (
				D6DB9ECB1A6642CA00591E72 /* main.cpp */,
				D6208D021A70BC5D006BAC53 /* opencv_util.h */,
				D6208D031A70BCF9006BAC53 /* opencv_util.cpp */,
			);
			path = OpencvTest;
			sourceTree = "<group>";
		};
/* End PBXGroup section */

/* Begin PBXNativeTarget section */
		D6DB9EC71A6642CA00591E72 /* OpencvTest */ = {
			isa = PBXNativeTarget;
			buildConfigurationList = D6DB9ECF1A6642CA00591E72 /* Build configuration list for PBXNativeTarget "OpencvTest" */;
			buildPhases = (
				D6DB9EC41A6642CA00591E72 /* Sources */,
				D6DB9EC51A6642CA00591E72 /* Frameworks */,
				D6DB9EC61A6642CA00591E72 /* CopyFiles */,
			);
			buildRules = (
			);
			dependencies = (
			);
			name = OpencvTest;
			productName = OpencvTest;
			productReference = D6DB9EC81A6642CA00591E72 /* OpencvTest */;
			productType = "com.apple.product-type.tool";
		};
/* End PBXNativeTarget section */

/* Begin PBXProject section */
		D6DB9EC01A6642CA00591E72 /* Project object */ = {
			isa = PBXProject;
			attributes = {
				LastUpgradeCheck = 0610;
				ORGANIZATIONNAME = "Muronaka Hiroaki";
				TargetAttributes = {
					D6DB9EC71A6642CA00591E72 = {
						CreatedOnToolsVersion = 6.1.1;
					};
				};
			};
			buildConfigurationList = D6DB9EC31A6642CA00591E72 /* Build configuration list for PBXProject "OpencvTest" */;
			compatibilityVersion = "Xcode 3.2";
			developmentRegion = English;
			hasScannedForEncodings = 0;
			knownRegions = (
				en,
			);
			mainGroup = D6DB9EBF1A6642CA00591E72;
			productRefGroup = D6DB9EC91A6642CA00591E72 /* Products */;
			projectDirPath = "";
			projectRoot = "";
			targets = (
				D6DB9EC71A6642CA00591E72 /* OpencvTest */,
			);
		};
/* End PBXProject section */

/* Begin PBXSourcesBuildPhase section */
		D6DB9EC41A6642CA00591E72 /* Sources */ = {
			isa = PBXSourcesBuildPhase;
			buildActionMask = 2147483647;
			files = (
				D6208D041A70BCF9006BAC53 /* opencv_util.cpp in Sources */,
				D6DB9ECC1A6642CA00591E72 /* main.cpp in Sources */,
			);
			runOnlyForDeploymentPostprocessing = 0;
		};
/* End PBXSourcesBuildPhase section */

/* Begin XCBuildConfiguration section */
		D6DB9ECD1A6642CA00591E72 /* Debug */ = {
			isa = XCBuildConfiguration;
			buildSettings = {
				ALWAYS_SEARCH_USER_PATHS = NO;
				CLANG_CXX_LANGUAGE_STANDARD = "gnu++0x";
				CLANG_CXX_LIBRARY = "libc++";
				CLANG_ENABLE_MODULES = YES;
				CLANG_ENABLE_OBJC_ARC = YES;
				CLANG_WARN_BOOL_CONVERSION = YES;
				CLANG_WARN_CONSTANT_CONVERSION = YES;
				CLANG_WARN_DIRECT_OBJC_ISA_USAGE = YES_ERROR;
				CLANG_WARN_EMPTY_BODY = YES;
				CLANG_WARN_ENUM_CONVERSION = YES;
				CLANG_WARN_INT_CONVERSION = YES;
				CLANG_WARN_OBJC_ROOT_CLASS = YES_ERROR;
				CLANG_WARN_UNREACHABLE_CODE = YES;
				CLANG_WARN__DUPLICATE_METHOD_MATCH = YES;
				COPY_PHASE_STRIP = NO;
				ENABLE_STRICT_OBJC_MSGSEND = YES;
				GCC_C_LANGUAGE_STANDARD = gnu99;
				GCC_DYNAMIC_NO_PIC = NO;
				GCC_OPTIMIZATION_LEVEL = 0;
				GCC_PREPROCESSOR_DEFINITIONS = (
					"DEBUG=1",
					"$(inherited)",
				);
				GCC_SYMBOLS_PRIVATE_EXTERN = NO;
				GCC_WARN_64_TO_32_BIT_CONVERSION = YES;
				GCC_WARN_ABOUT_RETURN_TYPE = YES_ERROR;
				GCC_WARN_UNDECLARED_SELECTOR = YES;
				GCC_WARN_UNINITIALIZED_AUTOS = YES_AGGRESSIVE;
				GCC_WARN_UNUSED_FUNCTION = YES;
				GCC_WARN_UNUSED_VARIABLE = YES;
				MACOSX_DEPLOYMENT_TARGET = 10.10;
				MTL_ENABLE_DEBUG_INFO = YES;
				ONLY_ACTIVE_ARCH = YES;
				SDKROOT = macosx;
			};
			name = Debug;
		};
		D6DB9ECE1A6642CA00591E72 /* Release */ = {
			isa = XCBuildConfiguration;
			buildSettings = {
				ALWAYS_SEARCH_USER_PATHS = NO;
				CLANG_CXX_LANGUAGE_STANDARD = "gnu++0x";
				CLANG_CXX_LIBRARY = "libc++";
				CLANG_ENABLE_MODULES = YES;
				CLANG_ENABLE_OBJC_ARC = YES;
				CLANG_WARN_BOOL_CONVERSION = YES;
				CLANG_WARN_CONSTANT_CONVERSION = YES;
				CLANG_WARN_DIRECT_OBJC_ISA_USAGE = YES_ERROR;
				CLANG_WARN_EMPTY_BODY = YES;
				CLANG_WARN_ENUM_CONVERSION = YES;
				CLANG_WARN_INT_CONVERSION = YES;
				CLANG_WARN_OBJC_ROOT_CLASS = YES_ERROR;
				CLANG_WARN_UNREACHABLE_CODE = YES;
				CLANG_WARN__DUPLICATE_METHOD_MATCH = YES;
				COPY_PHASE_STRIP = YES;
				DEBUG_INFORMATION_FORMAT = "dwarf-with-dsym";
				ENABLE_NS_ASSERTIONS = NO;
				ENABLE_STRICT_OBJC_MSGSEND = YES;
				GCC_C_LANGUAGE_STANDARD = gnu99;
				GCC_WARN_64_TO_32_BIT_CONVERSION = YES;
				GCC_WARN_ABOUT_RETURN_TYPE = YES_ERROR;
				GCC_WARN_UNDECLARED_SELECTOR = YES;
				GCC_WARN_UNINITIALIZED_AUTOS = YES_AGGRESSIVE;
				GCC_WARN_UNUSED_FUNCTION = YES;
				GCC_WARN_UNUSED_VARIABLE = YES;
				MACOSX_DEPLOYMENT_TARGET = 10.10;
				MTL_ENABLE_DEBUG_INFO = NO;
				SDKROOT = macosx;
			};
			name = Release;
		};
		D6DB9ED01A6642CA00591E72 /* Debug */ = {
			isa = XCBuildConfiguration;
			buildSettings = {
				HEADER_SEARCH_PATHS = (
					"$(inherited)",
					/Applications/Xcode.app/Contents/Developer/Toolchains/XcodeDefault.xctoolchain/usr/include,
					"/usr/local/Cellar/opencv/2.4.9/include/**",
				);
				LIBRARY_SEARCH_PATHS = (
					"$(inherited)",
					/usr/local/Cellar/opencv/2.4.9/lib,
				);
				PRODUCT_NAME = "$(TARGET_NAME)";
			};
			name = Debug;
		};
		D6DB9ED11A6642CA00591E72 /* Release */ = {
			isa = XCBuildConfiguration;
			buildSettings = {
				HEADER_SEARCH_PATHS = (
					"$(inherited)",
					/Applications/Xcode.app/Contents/Developer/Toolchains/XcodeDefault.xctoolchain/usr/include,
					"/usr/local/Cellar/opencv/2.4.9/include/**",
				);
				LIBRARY_SEARCH_PATHS = (
					"$(inherited)",
					/usr/local/Cellar/opencv/2.4.9/lib,
				);
				PRODUCT_NAME = "$(TARGET_NAME)";
			};
			name = Release;
		};
/* End XCBuildConfiguration section */

/* Begin XCConfigurationList section */
		D6DB9EC31A6642CA00591E72 /* Build configuration list for PBXProject "OpencvTest" */ = {
			isa = XCConfigurationList;
			buildConfigurations = (
				D6DB9ECD1A6642CA00591E72 /* Debug */,
				D6DB9ECE1A6642CA00591E72 /* Release */,
			);
			defaultConfigurationIsVisible = 0;
			defaultConfigurationName = Release;
		};
		D6DB9ECF1A6642CA00591E72 /* Build configuration list for PBXNativeTarget "OpencvTest" */ = {
			isa = XCConfigurationList;
			buildConfigurations = (
				D6DB9ED01A6642CA00591E72 /* Debug */,
				D6DB9ED11A6642CA00591E72 /* Release */,
			);
			defaultConfigurationIsVisible = 0;
			defaultConfigurationName = Release;
		};
/* End XCConfigurationList section */
	};
	rootObject = D6DB9EC01A6642CA00591E72 /* Project object */;
}
